
Microsoft Visual Studio Solution File, Format Version 12.00
# Visual Studio Version 17
VisualStudioVersion = 17.7.34031.279
MinimumVisualStudioVersion = 10.0.40219.1
Project("{9A19103F-16F7-4668-BE54-9A1E7A4F7556}") = "C_PRL", "QLHS\C_PRL.csproj", "{4A4DE71A-E2CC-47C6-A7A5-CC84B91192C5}"
EndProject
Project("{9A19103F-16F7-4668-BE54-9A1E7A4F7556}") = "A_DAL", "A_DAL\A_DAL.csproj", "{67C5B906-AFA6-4E0E-8FDC-330170C7C13E}"
EndProject
Project("{9A19103F-16F7-4668-BE54-9A1E7A4F7556}") = "B_BUS", "B_BUS\B_BUS.csproj", "{D475EE3E-F0E5-43FF-A795-7EFC546FFA96}"
EndProject
Global
	GlobalSection(SolutionConfigurationPlatforms) = preSolution
		Debug|Any CPU = Debug|Any CPU
		Release|Any CPU = Release|Any CPU
	EndGlobalSection
	GlobalSection(ProjectConfigurationPlatforms) = postSolution
		{4A4DE71A-E2CC-47C6-A7A5-CC84B91192C5}.Debug|Any CPU.ActiveCfg = Debug|Any CPU
		{4A4DE71A-E2CC-47C6-A7A5-CC84B91192C5}.Debug|Any CPU.Build.0 = Debug|Any CPU
		{4A4DE71A-E2CC-47C6-A7A5-CC84B91192C5}.Release|Any CPU.ActiveCfg = Release|Any CPU
		{4A4DE71A-E2CC-47C6-A7A5-CC84B91192C5}.Release|Any CPU.Build.0 = Release|Any CPU
		{67C5B906-AFA6-4E0E-8FDC-330170C7C13E}.Debug|Any CPU.ActiveCfg = Debug|Any CPU
		{67C5B906-AFA6-4E0E-8FDC-330170C7C13E}.Debug|Any CPU.Build.0 = Debug|Any CPU
		{67C5B906-AFA6-4E0E-8FDC-330170C7C13E}.Release|Any CPU.ActiveCfg = Release|Any CPU
		{67C5B906-AFA6-4E0E-8FDC-330170C7C13E}.Release|Any CPU.Build.0 = Release|Any CPU
		{D475EE3E-F0E5-43FF-A795-7EFC546FFA96}.Debug|Any CPU.ActiveCfg = Debug|Any CPU
		{D475EE3E-F0E5-43FF-A795-7EFC546FFA96}.Debug|Any CPU.Build.0 = Debug|Any CPU
		{D475EE3E-F0E5-43FF-A795-7EFC546FFA96}.Release|Any CPU.ActiveCfg = Release|Any CPU
		{D475EE3E-F0E5-43FF-A795-7EFC546FFA96}.Release|Any CPU.Build.0 = Release|Any CPU
	EndGlobalSection
	GlobalSection(SolutionProperties) = preSolution
		HideSolutionNode = FALSE
	EndGlobalSection
	GlobalSection(ExtensibilityGlobals) = postSolution
		SolutionGuid = {92573086-746D-4ECA-A94E-0CC061D4DF6E}
	EndGlobalSection
EndGlobal
